// !$*UTF8*$!
{
	archiveVersion = 1;
	classes = {
	};
	objectVersion = 46;
	objects = {

/* Begin PBXBuildFile section */
		4FA51C4CCA20F863C72C1341 /* Pods_CPMD_Week2Tests.framework in Frameworks */ = {isa = PBXBuildFile; fileRef = CDA34160EF6384E77537D8E7 /* Pods_CPMD_Week2Tests.framework */; };
		A821DE6C4523A6271AE74F75 /* Pods_CPMD_Week2UITests.framework in Frameworks */ = {isa = PBXBuildFile; fileRef = FAAB68ABE48F24ABBFCBCC48 /* Pods_CPMD_Week2UITests.framework */; };
		E919F6901D566AE00053F00D /* AppDelegate.swift in Sources */ = {isa = PBXBuildFile; fileRef = E919F68F1D566AE00053F00D /* AppDelegate.swift */; };
		E919F6951D566AE00053F00D /* Main.storyboard in Resources */ = {isa = PBXBuildFile; fileRef = E919F6931D566AE00053F00D /* Main.storyboard */; };
		E919F6971D566AE00053F00D /* Assets.xcassets in Resources */ = {isa = PBXBuildFile; fileRef = E919F6961D566AE00053F00D /* Assets.xcassets */; };
		E919F69A1D566AE00053F00D /* LaunchScreen.storyboard in Resources */ = {isa = PBXBuildFile; fileRef = E919F6981D566AE00053F00D /* LaunchScreen.storyboard */; };
		E919F6A51D566AE00053F00D /* CPMD_Week2Tests.swift in Sources */ = {isa = PBXBuildFile; fileRef = E919F6A41D566AE00053F00D /* CPMD_Week2Tests.swift */; };
		E919F6B01D566AE00053F00D /* CPMD_Week2UITests.swift in Sources */ = {isa = PBXBuildFile; fileRef = E919F6AF1D566AE00053F00D /* CPMD_Week2UITests.swift */; };
		E919F6BE1D5670FC0053F00D /* GoogleService-Info.plist in Resources */ = {isa = PBXBuildFile; fileRef = E919F6BD1D5670FC0053F00D /* GoogleService-Info.plist */; };
		E919F6BF1D5670FC0053F00D /* GoogleService-Info.plist in Resources */ = {isa = PBXBuildFile; fileRef = E919F6BD1D5670FC0053F00D /* GoogleService-Info.plist */; };
		E919F6C01D5670FC0053F00D /* GoogleService-Info.plist in Resources */ = {isa = PBXBuildFile; fileRef = E919F6BD1D5670FC0053F00D /* GoogleService-Info.plist */; };
		E919F6C21D5698330053F00D /* TableViewController.swift in Sources */ = {isa = PBXBuildFile; fileRef = E919F6C11D5698330053F00D /* TableViewController.swift */; };
		E919F6C41D569C0A0053F00D /* FormViewController.swift in Sources */ = {isa = PBXBuildFile; fileRef = E919F6C31D569C0A0053F00D /* FormViewController.swift */; };
		E919F6C71D56B6B20053F00D /* GroceryBag.jpg in Resources */ = {isa = PBXBuildFile; fileRef = E919F6C61D56B6B20053F00D /* GroceryBag.jpg */; };
		E919F6CB1D57B55C0053F00D /* groceries.png in Resources */ = {isa = PBXBuildFile; fileRef = E919F6CA1D57B55C0053F00D /* groceries.png */; };
		E919F6CD1D57B99D0053F00D /* LogInViewController.swift in Sources */ = {isa = PBXBuildFile; fileRef = E919F6CC1D57B99D0053F00D /* LogInViewController.swift */; };
		E919F6D11D57C6910053F00D /* Grocery.swift in Sources */ = {isa = PBXBuildFile; fileRef = E919F6D01D57C6910053F00D /* Grocery.swift */; };
		E919F6D31D57CB1E0053F00D /* CustomCell.swift in Sources */ = {isa = PBXBuildFile; fileRef = E919F6D21D57CB1E0053F00D /* CustomCell.swift */; };
		EE0EE550804C67F3A837EF6B /* Pods_CPMD_Week2.framework in Frameworks */ = {isa = PBXBuildFile; fileRef = D6AC81722B22A3DFDAFC51D2 /* Pods_CPMD_Week2.framework */; };
/* End PBXBuildFile section */

/* Begin PBXContainerItemProxy section */
		E919F6A11D566AE00053F00D /* PBXContainerItemProxy */ = {
			isa = PBXContainerItemProxy;
			containerPortal = E919F6841D566ADF0053F00D /* Project object */;
			proxyType = 1;
			remoteGlobalIDString = E919F68B1D566ADF0053F00D;
			remoteInfo = CPMD_Week2;
		};
		E919F6AC1D566AE00053F00D /* PBXContainerItemProxy */ = {
			isa = PBXContainerItemProxy;
			containerPortal = E919F6841D566ADF0053F00D /* Project object */;
			proxyType = 1;
			remoteGlobalIDString = E919F68B1D566ADF0053F00D;
			remoteInfo = CPMD_Week2;
		};
/* End PBXContainerItemProxy section */

/* Begin PBXFileReference section */
		1D2082645C51040E65223416 /* Pods-CPMD_Week2UITests.release.xcconfig */ = {isa = PBXFileReference; includeInIndex = 1; lastKnownFileType = text.xcconfig; name = "Pods-CPMD_Week2UITests.release.xcconfig"; path = "Pods/Target Support Files/Pods-CPMD_Week2UITests/Pods-CPMD_Week2UITests.release.xcconfig"; sourceTree = "<group>"; };
		264700737DE7664BA20EB055 /* Pods-CPMD_Week2.release.xcconfig */ = {isa = PBXFileReference; includeInIndex = 1; lastKnownFileType = text.xcconfig; name = "Pods-CPMD_Week2.release.xcconfig"; path = "Pods/Target Support Files/Pods-CPMD_Week2/Pods-CPMD_Week2.release.xcconfig"; sourceTree = "<group>"; };
		4446539FA032FF80D5F9E6E7 /* Pods-CPMD_Week2.debug.xcconfig */ = {isa = PBXFileReference; includeInIndex = 1; lastKnownFileType = text.xcconfig; name = "Pods-CPMD_Week2.debug.xcconfig"; path = "Pods/Target Support Files/Pods-CPMD_Week2/Pods-CPMD_Week2.debug.xcconfig"; sourceTree = "<group>"; };
		46A3775C57F5769BC4976980 /* Pods-CPMD_Week2UITests.debug.xcconfig */ = {isa = PBXFileReference; includeInIndex = 1; lastKnownFileType = text.xcconfig; name = "Pods-CPMD_Week2UITests.debug.xcconfig"; path = "Pods/Target Support Files/Pods-CPMD_Week2UITests/Pods-CPMD_Week2UITests.debug.xcconfig"; sourceTree = "<group>"; };
		B3B0DB55A4CC6E5C5AA5C73B /* Pods-CPMD_Week2Tests.release.xcconfig */ = {isa = PBXFileReference; includeInIndex = 1; lastKnownFileType = text.xcconfig; name = "Pods-CPMD_Week2Tests.release.xcconfig"; path = "Pods/Target Support Files/Pods-CPMD_Week2Tests/Pods-CPMD_Week2Tests.release.xcconfig"; sourceTree = "<group>"; };
		B4411FC2DD2C2803ED0168FF /* Pods-CPMD_Week2Tests.debug.xcconfig */ = {isa = PBXFileReference; includeInIndex = 1; lastKnownFileType = text.xcconfig; name = "Pods-CPMD_Week2Tests.debug.xcconfig"; path = "Pods/Target Support Files/Pods-CPMD_Week2Tests/Pods-CPMD_Week2Tests.debug.xcconfig"; sourceTree = "<group>"; };
		CDA34160EF6384E77537D8E7 /* Pods_CPMD_Week2Tests.framework */ = {isa = PBXFileReference; explicitFileType = wrapper.framework; includeInIndex = 0; path = Pods_CPMD_Week2Tests.framework; sourceTree = BUILT_PRODUCTS_DIR; };
		D6AC81722B22A3DFDAFC51D2 /* Pods_CPMD_Week2.framework */ = {isa = PBXFileReference; explicitFileType = wrapper.framework; includeInIndex = 0; path = Pods_CPMD_Week2.framework; sourceTree = BUILT_PRODUCTS_DIR; };
		E919F68C1D566ADF0053F00D /* CPMD_Week2.app */ = {isa = PBXFileReference; explicitFileType = wrapper.application; includeInIndex = 0; path = CPMD_Week2.app; sourceTree = BUILT_PRODUCTS_DIR; };
		E919F68F1D566AE00053F00D /* AppDelegate.swift */ = {isa = PBXFileReference; lastKnownFileType = sourcecode.swift; path = AppDelegate.swift; sourceTree = "<group>"; };
		E919F6941D566AE00053F00D /* Base */ = {isa = PBXFileReference; lastKnownFileType = file.storyboard; name = Base; path = Base.lproj/Main.storyboard; sourceTree = "<group>"; };
		E919F6961D566AE00053F00D /* Assets.xcassets */ = {isa = PBXFileReference; lastKnownFileType = folder.assetcatalog; path = Assets.xcassets; sourceTree = "<group>"; };
		E919F6991D566AE00053F00D /* Base */ = {isa = PBXFileReference; lastKnownFileType = file.storyboard; name = Base; path = Base.lproj/LaunchScreen.storyboard; sourceTree = "<group>"; };
		E919F69B1D566AE00053F00D /* Info.plist */ = {isa = PBXFileReference; lastKnownFileType = text.plist.xml; path = Info.plist; sourceTree = "<group>"; };
		E919F6A01D566AE00053F00D /* CPMD_Week2Tests.xctest */ = {isa = PBXFileReference; explicitFileType = wrapper.cfbundle; includeInIndex = 0; path = CPMD_Week2Tests.xctest; sourceTree = BUILT_PRODUCTS_DIR; };
		E919F6A41D566AE00053F00D /* CPMD_Week2Tests.swift */ = {isa = PBXFileReference; lastKnownFileType = sourcecode.swift; path = CPMD_Week2Tests.swift; sourceTree = "<group>"; };
		E919F6A61D566AE00053F00D /* Info.plist */ = {isa = PBXFileReference; lastKnownFileType = text.plist.xml; path = Info.plist; sourceTree = "<group>"; };
		E919F6AB1D566AE00053F00D /* CPMD_Week2UITests.xctest */ = {isa = PBXFileReference; explicitFileType = wrapper.cfbundle; includeInIndex = 0; path = CPMD_Week2UITests.xctest; sourceTree = BUILT_PRODUCTS_DIR; };
		E919F6AF1D566AE00053F00D /* CPMD_Week2UITests.swift */ = {isa = PBXFileReference; lastKnownFileType = sourcecode.swift; path = CPMD_Week2UITests.swift; sourceTree = "<group>"; };
		E919F6B11D566AE00053F00D /* Info.plist */ = {isa = PBXFileReference; lastKnownFileType = text.plist.xml; path = Info.plist; sourceTree = "<group>"; };
		E919F6BD1D5670FC0053F00D /* GoogleService-Info.plist */ = {isa = PBXFileReference; fileEncoding = 4; lastKnownFileType = text.plist.xml; path = "GoogleService-Info.plist"; sourceTree = "<group>"; };
		E919F6C11D5698330053F00D /* TableViewController.swift */ = {isa = PBXFileReference; fileEncoding = 4; lastKnownFileType = sourcecode.swift; path = TableViewController.swift; sourceTree = "<group>"; };
		E919F6C31D569C0A0053F00D /* FormViewController.swift */ = {isa = PBXFileReference; fileEncoding = 4; lastKnownFileType = sourcecode.swift; path = FormViewController.swift; sourceTree = "<group>"; };
		E919F6C61D56B6B20053F00D /* GroceryBag.jpg */ = {isa = PBXFileReference; lastKnownFileType = image.jpeg; path = GroceryBag.jpg; sourceTree = "<group>"; };
		E919F6CA1D57B55C0053F00D /* groceries.png */ = {isa = PBXFileReference; lastKnownFileType = image.png; path = groceries.png; sourceTree = "<group>"; };
		E919F6CC1D57B99D0053F00D /* LogInViewController.swift */ = {isa = PBXFileReference; fileEncoding = 4; lastKnownFileType = sourcecode.swift; path = LogInViewController.swift; sourceTree = "<group>"; };
		E919F6D01D57C6910053F00D /* Grocery.swift */ = {isa = PBXFileReference; fileEncoding = 4; lastKnownFileType = sourcecode.swift; path = Grocery.swift; sourceTree = "<group>"; };
		E919F6D21D57CB1E0053F00D /* CustomCell.swift */ = {isa = PBXFileReference; fileEncoding = 4; lastKnownFileType = sourcecode.swift; path = CustomCell.swift; sourceTree = "<group>"; };
		FAAB68ABE48F24ABBFCBCC48 /* Pods_CPMD_Week2UITests.framework */ = {isa = PBXFileReference; explicitFileType = wrapper.framework; includeInIndex = 0; path = Pods_CPMD_Week2UITests.framework; sourceTree = BUILT_PRODUCTS_DIR; };
/* End PBXFileReference section */

/* Begin PBXFrameworksBuildPhase section */
		E919F6891D566ADF0053F00D /* Frameworks */ = {
			isa = PBXFrameworksBuildPhase;
			buildActionMask = 2147483647;
			files = (
				EE0EE550804C67F3A837EF6B /* Pods_CPMD_Week2.framework in Frameworks */,
			);
			runOnlyForDeploymentPostprocessing = 0;
		};
		E919F69D1D566AE00053F00D /* Frameworks */ = {
			isa = PBXFrameworksBuildPhase;
			buildActionMask = 2147483647;
			files = (
				4FA51C4CCA20F863C72C1341 /* Pods_CPMD_Week2Tests.framework in Frameworks */,
			);
			runOnlyForDeploymentPostprocessing = 0;
		};
		E919F6A81D566AE00053F00D /* Frameworks */ = {
			isa = PBXFrameworksBuildPhase;
			buildActionMask = 2147483647;
			files = (
				A821DE6C4523A6271AE74F75 /* Pods_CPMD_Week2UITests.framework in Frameworks */,
			);
			runOnlyForDeploymentPostprocessing = 0;
		};
/* End PBXFrameworksBuildPhase section */

/* Begin PBXGroup section */
		5DEE5C806F85826314461318 /* Frameworks */ = {
			isa = PBXGroup;
			children = (
				D6AC81722B22A3DFDAFC51D2 /* Pods_CPMD_Week2.framework */,
				CDA34160EF6384E77537D8E7 /* Pods_CPMD_Week2Tests.framework */,
				FAAB68ABE48F24ABBFCBCC48 /* Pods_CPMD_Week2UITests.framework */,
			);
			name = Frameworks;
			sourceTree = "<group>";
		};
		9ACDB22E767BB3BFE85A3752 /* Pods */ = {
			isa = PBXGroup;
			children = (
				4446539FA032FF80D5F9E6E7 /* Pods-CPMD_Week2.debug.xcconfig */,
				264700737DE7664BA20EB055 /* Pods-CPMD_Week2.release.xcconfig */,
				B4411FC2DD2C2803ED0168FF /* Pods-CPMD_Week2Tests.debug.xcconfig */,
				B3B0DB55A4CC6E5C5AA5C73B /* Pods-CPMD_Week2Tests.release.xcconfig */,
				46A3775C57F5769BC4976980 /* Pods-CPMD_Week2UITests.debug.xcconfig */,
				1D2082645C51040E65223416 /* Pods-CPMD_Week2UITests.release.xcconfig */,
			);
			name = Pods;
			sourceTree = "<group>";
		};
		E919F6831D566ADF0053F00D = {
			isa = PBXGroup;
			children = (
				E919F68E1D566ADF0053F00D /* CPMD_Week2 */,
				E919F6A31D566AE00053F00D /* CPMD_Week2Tests */,
				E919F6AE1D566AE00053F00D /* CPMD_Week2UITests */,
				E919F68D1D566ADF0053F00D /* Products */,
				9ACDB22E767BB3BFE85A3752 /* Pods */,
				5DEE5C806F85826314461318 /* Frameworks */,
			);
			sourceTree = "<group>";
		};
		E919F68D1D566ADF0053F00D /* Products */ = {
			isa = PBXGroup;
			children = (
				E919F68C1D566ADF0053F00D /* CPMD_Week2.app */,
				E919F6A01D566AE00053F00D /* CPMD_Week2Tests.xctest */,
				E919F6AB1D566AE00053F00D /* CPMD_Week2UITests.xctest */,
			);
			name = Products;
			sourceTree = "<group>";
		};
		E919F68E1D566ADF0053F00D /* CPMD_Week2 */ = {
			isa = PBXGroup;
			children = (
				E919F68F1D566AE00053F00D /* AppDelegate.swift */,
				E919F6CC1D57B99D0053F00D /* LogInViewController.swift */,
				E919F6C11D5698330053F00D /* TableViewController.swift */,
				E919F6D21D57CB1E0053F00D /* CustomCell.swift */,
				E919F6C31D569C0A0053F00D /* FormViewController.swift */,
				E919F6D01D57C6910053F00D /* Grocery.swift */,
				E919F6931D566AE00053F00D /* Main.storyboard */,
				E919F6961D566AE00053F00D /* Assets.xcassets */,
				E919F6981D566AE00053F00D /* LaunchScreen.storyboard */,
				E919F6C51D56B5830053F00D /* Images */,
				E919F69B1D566AE00053F00D /* Info.plist */,
				E919F6BD1D5670FC0053F00D /* GoogleService-Info.plist */,
			);
			path = CPMD_Week2;
			sourceTree = "<group>";
		};
		E919F6A31D566AE00053F00D /* CPMD_Week2Tests */ = {
			isa = PBXGroup;
			children = (
				E919F6A41D566AE00053F00D /* CPMD_Week2Tests.swift */,
				E919F6A61D566AE00053F00D /* Info.plist */,
			);
			path = CPMD_Week2Tests;
			sourceTree = "<group>";
		};
		E919F6AE1D566AE00053F00D /* CPMD_Week2UITests */ = {
			isa = PBXGroup;
			children = (
				E919F6AF1D566AE00053F00D /* CPMD_Week2UITests.swift */,
				E919F6B11D566AE00053F00D /* Info.plist */,
			);
			path = CPMD_Week2UITests;
			sourceTree = "<group>";
		};
		E919F6C51D56B5830053F00D /* Images */ = {
			isa = PBXGroup;
			children = (
				E919F6CA1D57B55C0053F00D /* groceries.png */,
				E919F6C61D56B6B20053F00D /* GroceryBag.jpg */,
			);
			name = Images;
			sourceTree = "<group>";
		};
/* End PBXGroup section */

/* Begin PBXNativeTarget section */
		E919F68B1D566ADF0053F00D /* CPMD_Week2 */ = {
			isa = PBXNativeTarget;
			buildConfigurationList = E919F6B41D566AE00053F00D /* Build configuration list for PBXNativeTarget "CPMD_Week2" */;
			buildPhases = (
				91DAAAB27E11E70535829CB4 /* [CP] Check Pods Manifest.lock */,
				E919F6881D566ADF0053F00D /* Sources */,
				E919F6891D566ADF0053F00D /* Frameworks */,
				E919F68A1D566ADF0053F00D /* Resources */,
				A8102748B5688BEFB90F2FD8 /* [CP] Embed Pods Frameworks */,
				1218D132B912067A70C4D541 /* [CP] Copy Pods Resources */,
			);
			buildRules = (
			);
			dependencies = (
			);
			name = CPMD_Week2;
			productName = CPMD_Week2;
			productReference = E919F68C1D566ADF0053F00D /* CPMD_Week2.app */;
			productType = "com.apple.product-type.application";
		};
		E919F69F1D566AE00053F00D /* CPMD_Week2Tests */ = {
			isa = PBXNativeTarget;
			buildConfigurationList = E919F6B71D566AE00053F00D /* Build configuration list for PBXNativeTarget "CPMD_Week2Tests" */;
			buildPhases = (
				791905382C1D0C7A4287C9E1 /* [CP] Check Pods Manifest.lock */,
				E919F69C1D566AE00053F00D /* Sources */,
				E919F69D1D566AE00053F00D /* Frameworks */,
				E919F69E1D566AE00053F00D /* Resources */,
				51FAAF0F650148102078B40C /* [CP] Embed Pods Frameworks */,
				60BE76AAC7886EFA623C8790 /* [CP] Copy Pods Resources */,
			);
			buildRules = (
			);
			dependencies = (
				E919F6A21D566AE00053F00D /* PBXTargetDependency */,
			);
			name = CPMD_Week2Tests;
			productName = CPMD_Week2Tests;
			productReference = E919F6A01D566AE00053F00D /* CPMD_Week2Tests.xctest */;
			productType = "com.apple.product-type.bundle.unit-test";
		};
		E919F6AA1D566AE00053F00D /* CPMD_Week2UITests */ = {
			isa = PBXNativeTarget;
			buildConfigurationList = E919F6BA1D566AE00053F00D /* Build configuration list for PBXNativeTarget "CPMD_Week2UITests" */;
			buildPhases = (
				FF7E2511FD7F6D848FDE4117 /* [CP] Check Pods Manifest.lock */,
				E919F6A71D566AE00053F00D /* Sources */,
				E919F6A81D566AE00053F00D /* Frameworks */,
				E919F6A91D566AE00053F00D /* Resources */,
				770299CB0041405C8124B65B /* [CP] Copy Pods Resources */,
			);
			buildRules = (
			);
			dependencies = (
				E919F6AD1D566AE00053F00D /* PBXTargetDependency */,
			);
			name = CPMD_Week2UITests;
			productName = CPMD_Week2UITests;
			productReference = E919F6AB1D566AE00053F00D /* CPMD_Week2UITests.xctest */;
			productType = "com.apple.product-type.bundle.ui-testing";
		};
/* End PBXNativeTarget section */

/* Begin PBXProject section */
		E919F6841D566ADF0053F00D /* Project object */ = {
			isa = PBXProject;
			attributes = {
				LastSwiftUpdateCheck = 0730;
				LastUpgradeCheck = 0730;
				ORGANIZATIONNAME = "Heather Wolford";
				TargetAttributes = {
					E919F68B1D566ADF0053F00D = {
						CreatedOnToolsVersion = 7.3.1;
						DevelopmentTeam = F8VE3W9JKT;
					};
					E919F69F1D566AE00053F00D = {
						CreatedOnToolsVersion = 7.3.1;
						DevelopmentTeam = F8VE3W9JKT;
						TestTargetID = E919F68B1D566ADF0053F00D;
					};
					E919F6AA1D566AE00053F00D = {
						CreatedOnToolsVersion = 7.3.1;
						DevelopmentTeam = F8VE3W9JKT;
						TestTargetID = E919F68B1D566ADF0053F00D;
					};
				};
			};
			buildConfigurationList = E919F6871D566ADF0053F00D /* Build configuration list for PBXProject "CPMD_Week2" */;
			compatibilityVersion = "Xcode 3.2";
			developmentRegion = English;
			hasScannedForEncodings = 0;
			knownRegions = (
				en,
				Base,
			);
			mainGroup = E919F6831D566ADF0053F00D;
			productRefGroup = E919F68D1D566ADF0053F00D /* Products */;
			projectDirPath = "";
			projectRoot = "";
			targets = (
				E919F68B1D566ADF0053F00D /* CPMD_Week2 */,
				E919F69F1D566AE00053F00D /* CPMD_Week2Tests */,
				E919F6AA1D566AE00053F00D /* CPMD_Week2UITests */,
			);
		};
/* End PBXProject section */

/* Begin PBXResourcesBuildPhase section */
		E919F68A1D566ADF0053F00D /* Resources */ = {
			isa = PBXResourcesBuildPhase;
			buildActionMask = 2147483647;
			files = (
				E919F6C71D56B6B20053F00D /* GroceryBag.jpg in Resources */,
				E919F69A1D566AE00053F00D /* LaunchScreen.storyboard in Resources */,
				E919F6BE1D5670FC0053F00D /* GoogleService-Info.plist in Resources */,
				E919F6CB1D57B55C0053F00D /* groceries.png in Resources */,
				E919F6971D566AE00053F00D /* Assets.xcassets in Resources */,
				E919F6951D566AE00053F00D /* Main.storyboard in Resources */,
			);
			runOnlyForDeploymentPostprocessing = 0;
		};
		E919F69E1D566AE00053F00D /* Resources */ = {
			isa = PBXResourcesBuildPhase;
			buildActionMask = 2147483647;
			files = (
				E919F6BF1D5670FC0053F00D /* GoogleService-Info.plist in Resources */,
			);
			runOnlyForDeploymentPostprocessing = 0;
		};
		E919F6A91D566AE00053F00D /* Resources */ = {
			isa = PBXResourcesBuildPhase;
			buildActionMask = 2147483647;
			files = (
				E919F6C01D5670FC0053F00D /* GoogleService-Info.plist in Resources */,
			);
			runOnlyForDeploymentPostprocessing = 0;
		};
/* End PBXResourcesBuildPhase section */

/* Begin PBXShellScriptBuildPhase section */
		1218D132B912067A70C4D541 /* [CP] Copy Pods Resources */ = {
			isa = PBXShellScriptBuildPhase;
			buildActionMask = 2147483647;
			files = (
			);
			inputPaths = (
			);
			name = "[CP] Copy Pods Resources";
			outputPaths = (
			);
			runOnlyForDeploymentPostprocessing = 0;
			shellPath = /bin/sh;
			shellScript = "\"${SRCROOT}/Pods/Target Support Files/Pods-CPMD_Week2/Pods-CPMD_Week2-resources.sh\"\n";
			showEnvVarsInLog = 0;
		};
		51FAAF0F650148102078B40C /* [CP] Embed Pods Frameworks */ = {
			isa = PBXShellScriptBuildPhase;
			buildActionMask = 2147483647;
			files = (
			);
			inputPaths = (
			);
			name = "[CP] Embed Pods Frameworks";
			outputPaths = (
			);
			runOnlyForDeploymentPostprocessing = 0;
			shellPath = /bin/sh;
			shellScript = "\"${SRCROOT}/Pods/Target Support Files/Pods-CPMD_Week2Tests/Pods-CPMD_Week2Tests-frameworks.sh\"\n";
			showEnvVarsInLog = 0;
		};
		60BE76AAC7886EFA623C8790 /* [CP] Copy Pods Resources */ = {
			isa = PBXShellScriptBuildPhase;
			buildActionMask = 2147483647;
			files = (
			);
			inputPaths = (
			);
			name = "[CP] Copy Pods Resources";
			outputPaths = (
			);
			runOnlyForDeploymentPostprocessing = 0;
			shellPath = /bin/sh;
			shellScript = "\"${SRCROOT}/Pods/Target Support Files/Pods-CPMD_Week2Tests/Pods-CPMD_Week2Tests-resources.sh\"\n";
			showEnvVarsInLog = 0;
		};
		770299CB0041405C8124B65B /* [CP] Copy Pods Resources */ = {
			isa = PBXShellScriptBuildPhase;
			buildActionMask = 2147483647;
			files = (
			);
			inputPaths = (
			);
			name = "[CP] Copy Pods Resources";
			outputPaths = (
			);
			runOnlyForDeploymentPostprocessing = 0;
			shellPath = /bin/sh;
			shellScript = "\"${SRCROOT}/Pods/Target Support Files/Pods-CPMD_Week2UITests/Pods-CPMD_Week2UITests-resources.sh\"\n";
			showEnvVarsInLog = 0;
		};
		791905382C1D0C7A4287C9E1 /* [CP] Check Pods Manifest.lock */ = {
			isa = PBXShellScriptBuildPhase;
			buildActionMask = 2147483647;
			files = (
			);
			inputPaths = (
			);
			name = "[CP] Check Pods Manifest.lock";
			outputPaths = (
			);
			runOnlyForDeploymentPostprocessing = 0;
			shellPath = /bin/sh;
			shellScript = "diff \"${PODS_ROOT}/../Podfile.lock\" \"${PODS_ROOT}/Manifest.lock\" > /dev/null\nif [[ $? != 0 ]] ; then\n    cat << EOM\nerror: The sandbox is not in sync with the Podfile.lock. Run 'pod install' or update your CocoaPods installation.\nEOM\n    exit 1\nfi\n";
			showEnvVarsInLog = 0;
		};
		91DAAAB27E11E70535829CB4 /* [CP] Check Pods Manifest.lock */ = {
			isa = PBXShellScriptBuildPhase;
			buildActionMask = 2147483647;
			files = (
			);
			inputPaths = (
			);
			name = "[CP] Check Pods Manifest.lock";
			outputPaths = (
			);
			runOnlyForDeploymentPostprocessing = 0;
			shellPath = /bin/sh;
			shellScript = "diff \"${PODS_ROOT}/../Podfile.lock\" \"${PODS_ROOT}/Manifest.lock\" > /dev/null\nif [[ $? != 0 ]] ; then\n    cat << EOM\nerror: The sandbox is not in sync with the Podfile.lock. Run 'pod install' or update your CocoaPods installation.\nEOM\n    exit 1\nfi\n";
			showEnvVarsInLog = 0;
		};
		A8102748B5688BEFB90F2FD8 /* [CP] Embed Pods Frameworks */ = {
			isa = PBXShellScriptBuildPhase;
			buildActionMask = 2147483647;
			files = (
			);
			inputPaths = (
			);
			name = "[CP] Embed Pods Frameworks";
			outputPaths = (
			);
			runOnlyForDeploymentPostprocessing = 0;
			shellPath = /bin/sh;
			shellScript = "\"${SRCROOT}/Pods/Target Support Files/Pods-CPMD_Week2/Pods-CPMD_Week2-frameworks.sh\"\n";
			showEnvVarsInLog = 0;
		};
		FF7E2511FD7F6D848FDE4117 /* [CP] Check Pods Manifest.lock */ = {
			isa = PBXShellScriptBuildPhase;
			buildActionMask = 2147483647;
			files = (
			);
			inputPaths = (
			);
			name = "[CP] Check Pods Manifest.lock";
			outputPaths = (
			);
			runOnlyForDeploymentPostprocessing = 0;
			shellPath = /bin/sh;
			shellScript = "diff \"${PODS_ROOT}/../Podfile.lock\" \"${PODS_ROOT}/Manifest.lock\" > /dev/null\nif [[ $? != 0 ]] ; then\n    cat << EOM\nerror: The sandbox is not in sync with the Podfile.lock. Run 'pod install' or update your CocoaPods installation.\nEOM\n    exit 1\nfi\n";
			showEnvVarsInLog = 0;
		};
/* End PBXShellScriptBuildPhase section */

/* Begin PBXSourcesBuildPhase section */
		E919F6881D566ADF0053F00D /* Sources */ = {
			isa = PBXSourcesBuildPhase;
			buildActionMask = 2147483647;
			files = (
				E919F6CD1D57B99D0053F00D /* LogInViewController.swift in Sources */,
				E919F6C41D569C0A0053F00D /* FormViewController.swift in Sources */,
				E919F6C21D5698330053F00D /* TableViewController.swift in Sources */,
				E919F6901D566AE00053F00D /* AppDelegate.swift in Sources */,
				E919F6D31D57CB1E0053F00D /* CustomCell.swift in Sources */,
				E919F6D11D57C6910053F00D /* Grocery.swift in Sources */,
			);
			runOnlyForDeploymentPostprocessing = 0;
		};
		E919F69C1D566AE00053F00D /* Sources */ = {
			isa = PBXSourcesBuildPhase;
			buildActionMask = 2147483647;
			files = (
				E919F6A51D566AE00053F00D /* CPMD_Week2Tests.swift in Sources */,
			);
			runOnlyForDeploymentPostprocessing = 0;
		};
		E919F6A71D566AE00053F00D /* Sources */ = {
			isa = PBXSourcesBuildPhase;
			buildActionMask = 2147483647;
			files = (
				E919F6B01D566AE00053F00D /* CPMD_Week2UITests.swift in Sources */,
			);
			runOnlyForDeploymentPostprocessing = 0;
		};
/* End PBXSourcesBuildPhase section */

/* Begin PBXTargetDependency section */
		E919F6A21D566AE00053F00D /* PBXTargetDependency */ = {
			isa = PBXTargetDependency;
			target = E919F68B1D566ADF0053F00D /* CPMD_Week2 */;
			targetProxy = E919F6A11D566AE00053F00D /* PBXContainerItemProxy */;
		};
		E919F6AD1D566AE00053F00D /* PBXTargetDependency */ = {
			isa = PBXTargetDependency;
			target = E919F68B1D566ADF0053F00D /* CPMD_Week2 */;
			targetProxy = E919F6AC1D566AE00053F00D /* PBXContainerItemProxy */;
		};
/* End PBXTargetDependency section */

/* Begin PBXVariantGroup section */
		E919F6931D566AE00053F00D /* Main.storyboard */ = {
			isa = PBXVariantGroup;
			children = (
				E919F6941D566AE00053F00D /* Base */,
			);
			name = Main.storyboard;
			sourceTree = "<group>";
		};
		E919F6981D566AE00053F00D /* LaunchScreen.storyboard */ = {
			isa = PBXVariantGroup;
			children = (
				E919F6991D566AE00053F00D /* Base */,
			);
			name = LaunchScreen.storyboard;
			sourceTree = "<group>";
		};
/* End PBXVariantGroup section */

/* Begin XCBuildConfiguration section */
		E919F6B21D566AE00053F00D /* Debug */ = {
			isa = XCBuildConfiguration;
			buildSettings = {
				ALWAYS_SEARCH_USER_PATHS = NO;
				CLANG_ANALYZER_NONNULL = YES;
				CLANG_CXX_LANGUAGE_STANDARD = "gnu++0x";
				CLANG_CXX_LIBRARY = "libc++";
				CLANG_ENABLE_MODULES = YES;
				CLANG_ENABLE_OBJC_ARC = YES;
				CLANG_WARN_BOOL_CONVERSION = YES;
				CLANG_WARN_CONSTANT_CONVERSION = YES;
				CLANG_WARN_DIRECT_OBJC_ISA_USAGE = YES_ERROR;
				CLANG_WARN_EMPTY_BODY = YES;
				CLANG_WARN_ENUM_CONVERSION = YES;
				CLANG_WARN_INT_CONVERSION = YES;
				CLANG_WARN_OBJC_ROOT_CLASS = YES_ERROR;
				CLANG_WARN_UNREACHABLE_CODE = YES;
				CLANG_WARN__DUPLICATE_METHOD_MATCH = YES;
				"CODE_SIGN_IDENTITY[sdk=iphoneos*]" = "iPhone Developer";
				COPY_PHASE_STRIP = NO;
				DEBUG_INFORMATION_FORMAT = dwarf;
				ENABLE_STRICT_OBJC_MSGSEND = YES;
				ENABLE_TESTABILITY = YES;
				GCC_C_LANGUAGE_STANDARD = gnu99;
				GCC_DYNAMIC_NO_PIC = NO;
				GCC_NO_COMMON_BLOCKS = YES;
				GCC_OPTIMIZATION_LEVEL = 0;
				GCC_PREPROCESSOR_DEFINITIONS = (
					"DEBUG=1",
					"$(inherited)",
				);
				GCC_WARN_64_TO_32_BIT_CONVERSION = YES;
				GCC_WARN_ABOUT_RETURN_TYPE = YES_ERROR;
				GCC_WARN_UNDECLARED_SELECTOR = YES;
				GCC_WARN_UNINITIALIZED_AUTOS = YES_AGGRESSIVE;
				GCC_WARN_UNUSED_FUNCTION = YES;
				GCC_WARN_UNUSED_VARIABLE = YES;
				IPHONEOS_DEPLOYMENT_TARGET = 9.3;
				MTL_ENABLE_DEBUG_INFO = YES;
				ONLY_ACTIVE_ARCH = YES;
				SDKROOT = iphoneos;
				SWIFT_OPTIMIZATION_LEVEL = "-Onone";
			};
			name = Debug;
		};
		E919F6B31D566AE00053F00D /* Release */ = {
			isa = XCBuildConfiguration;
			buildSettings = {
				ALWAYS_SEARCH_USER_PATHS = NO;
				CLANG_ANALYZER_NONNULL = YES;
				CLANG_CXX_LANGUAGE_STANDARD = "gnu++0x";
				CLANG_CXX_LIBRARY = "libc++";
				CLANG_ENABLE_MODULES = YES;
				CLANG_ENABLE_OBJC_ARC = YES;
				CLANG_WARN_BOOL_CONVERSION = YES;
				CLANG_WARN_CONSTANT_CONVERSION = YES;
				CLANG_WARN_DIRECT_OBJC_ISA_USAGE = YES_ERROR;
				CLANG_WARN_EMPTY_BODY = YES;
				CLANG_WARN_ENUM_CONVERSION = YES;
				CLANG_WARN_INT_CONVERSION = YES;
				CLANG_WARN_OBJC_ROOT_CLASS = YES_ERROR;
				CLANG_WARN_UNREACHABLE_CODE = YES;
				CLANG_WARN__DUPLICATE_METHOD_MATCH = YES;
				"CODE_SIGN_IDENTITY[sdk=iphoneos*]" = "iPhone Developer";
				COPY_PHASE_STRIP = NO;
				DEBUG_INFORMATION_FORMAT = "dwarf-with-dsym";
				ENABLE_NS_ASSERTIONS = NO;
				ENABLE_STRICT_OBJC_MSGSEND = YES;
				GCC_C_LANGUAGE_STANDARD = gnu99;
				GCC_NO_COMMON_BLOCKS = YES;
				GCC_WARN_64_TO_32_BIT_CONVERSION = YES;
				GCC_WARN_ABOUT_RETURN_TYPE = YES_ERROR;
				GCC_WARN_UNDECLARED_SELECTOR = YES;
				GCC_WARN_UNINITIALIZED_AUTOS = YES_AGGRESSIVE;
				GCC_WARN_UNUSED_FUNCTION = YES;
				GCC_WARN_UNUSED_VARIABLE = YES;
				IPHONEOS_DEPLOYMENT_TARGET = 9.3;
				MTL_ENABLE_DEBUG_INFO = NO;
				SDKROOT = iphoneos;
				VALIDATE_PRODUCT = YES;
			};
			name = Release;
		};
		E919F6B51D566AE00053F00D /* Debug */ = {
			isa = XCBuildConfiguration;
			baseConfigurationReference = 4446539FA032FF80D5F9E6E7 /* Pods-CPMD_Week2.debug.xcconfig */;
			buildSettings = {
				ASSETCATALOG_COMPILER_APPICON_NAME = AppIcon;
				INFOPLIST_FILE = CPMD_Week2/Info.plist;
				LD_RUNPATH_SEARCH_PATHS = "$(inherited) @executable_path/Frameworks";
				PRODUCT_BUNDLE_IDENTIFIER = "com.fullsail.hwolford.CPMD-Week2";
				PRODUCT_NAME = "$(TARGET_NAME)";
			};
			name = Debug;
		};
		E919F6B61D566AE00053F00D /* Release */ = {
			isa = XCBuildConfiguration;
			baseConfigurationReference = 264700737DE7664BA20EB055 /* Pods-CPMD_Week2.release.xcconfig */;
			buildSettings = {
				ASSETCATALOG_COMPILER_APPICON_NAME = AppIcon;
				INFOPLIST_FILE = CPMD_Week2/Info.plist;
				LD_RUNPATH_SEARCH_PATHS = "$(inherited) @executable_path/Frameworks";
				PRODUCT_BUNDLE_IDENTIFIER = "com.fullsail.hwolford.CPMD-Week2";
				PRODUCT_NAME = "$(TARGET_NAME)";
			};
			name = Release;
		};
		E919F6B81D566AE00053F00D /* Debug */ = {
			isa = XCBuildConfiguration;
			baseConfigurationReference = B4411FC2DD2C2803ED0168FF /* Pods-CPMD_Week2Tests.debug.xcconfig */;
			buildSettings = {
				BUNDLE_LOADER = "$(TEST_HOST)";
				INFOPLIST_FILE = CPMD_Week2Tests/Info.plist;
				LD_RUNPATH_SEARCH_PATHS = "$(inherited) @executable_path/Frameworks @loader_path/Frameworks";
				PRODUCT_BUNDLE_IDENTIFIER = "com.fullsail.hwolford.CPMD-Week2Tests";
				PRODUCT_NAME = "$(TARGET_NAME)";
				TEST_HOST = "$(BUILT_PRODUCTS_DIR)/CPMD_Week2.app/CPMD_Week2";
			};
			name = Debug;
		};
		E919F6B91D566AE00053F00D /* Release */ = {
			isa = XCBuildConfiguration;
			baseConfigurationReference = B3B0DB55A4CC6E5C5AA5C73B /* Pods-CPMD_Week2Tests.release.xcconfig */;
			buildSettings = {
				BUNDLE_LOADER = "$(TEST_HOST)";
				INFOPLIST_FILE = CPMD_Week2Tests/Info.plist;
				LD_RUNPATH_SEARCH_PATHS = "$(inherited) @executable_path/Frameworks @loader_path/Frameworks";
				PRODUCT_BUNDLE_IDENTIFIER = "com.fullsail.hwolford.CPMD-Week2Tests";
				PRODUCT_NAME = "$(TARGET_NAME)";
				TEST_HOST = "$(BUILT_PRODUCTS_DIR)/CPMD_Week2.app/CPMD_Week2";
			};
			name = Release;
		};
		E919F6BB1D566AE00053F00D /* Debug */ = {
			isa = XCBuildConfiguration;
			baseConfigurationReference = 46A3775C57F5769BC4976980 /* Pods-CPMD_Week2UITests.debug.xcconfig */;
			buildSettings = {
				INFOPLIST_FILE = CPMD_Week2UITests/Info.plist;
				LD_RUNPATH_SEARCH_PATHS = "$(inherited) @executable_path/Frameworks @loader_path/Frameworks";
				PRODUCT_BUNDLE_IDENTIFIER = "com.fullsail.hwolford.CPMD-Week2UITests";
				PRODUCT_NAME = "$(TARGET_NAME)";
				TEST_TARGET_NAME = CPMD_Week2;
			};
			name = Debug;
		};
		E919F6BC1D566AE00053F00D /* Release */ = {
			isa = XCBuildConfiguration;
			baseConfigurationReference = 1D2082645C51040E65223416 /* Pods-CPMD_Week2UITests.release.xcconfig */;
			buildSettings = {
				INFOPLIST_FILE = CPMD_Week2UITests/Info.plist;
				LD_RUNPATH_SEARCH_PATHS = "$(inherited) @executable_path/Frameworks @loader_path/Frameworks";
				PRODUCT_BUNDLE_IDENTIFIER = "com.fullsail.hwolford.CPMD-Week2UITests";
				PRODUCT_NAME = "$(TARGET_NAME)";
				TEST_TARGET_NAME = CPMD_Week2;
			};
			name = Release;
		};
/* End XCBuildConfiguration section */

/* Begin XCConfigurationList section */
		E919F6871D566ADF0053F00D /* Build configuration list for PBXProject "CPMD_Week2" */ = {
			isa = XCConfigurationList;
			buildConfigurations = (
				E919F6B21D566AE00053F00D /* Debug */,
				E919F6B31D566AE00053F00D /* Release */,
			);
			defaultConfigurationIsVisible = 0;
			defaultConfigurationName = Release;
		};
		E919F6B41D566AE00053F00D /* Build configuration list for PBXNativeTarget "CPMD_Week2" */ = {
			isa = XCConfigurationList;
			buildConfigurations = (
				E919F6B51D566AE00053F00D /* Debug */,
				E919F6B61D566AE00053F00D /* Release */,
			);
			defaultConfigurationIsVisible = 0;
			defaultConfigurationName = Release;
		};
		E919F6B71D566AE00053F00D /* Build configuration list for PBXNativeTarget "CPMD_Week2Tests" */ = {
			isa = XCConfigurationList;
			buildConfigurations = (
				E919F6B81D566AE00053F00D /* Debug */,
				E919F6B91D566AE00053F00D /* Release */,
			);
			defaultConfigurationIsVisible = 0;
			defaultConfigurationName = Release;
		};
		E919F6BA1D566AE00053F00D /* Build configuration list for PBXNativeTarget "CPMD_Week2UITests" */ = {
			isa = XCConfigurationList;
			buildConfigurations = (
				E919F6BB1D566AE00053F00D /* Debug */,
				E919F6BC1D566AE00053F00D /* Release */,
			);
			defaultConfigurationIsVisible = 0;
			defaultConfigurationName = Release;
		};
/* End XCConfigurationList section */
	};
	rootObject = E919F6841D566ADF0053F00D /* Project object */;
}
